// !$*UTF8*$!
{
	archiveVersion = 1;
	classes = {
	};
	objectVersion = 46;
	objects = {

/* Begin PBXBuildFile section */
		6831C80D1EAC60AF00EAB7C4 /* main.cpp in Sources */ = {isa = PBXBuildFile; fileRef = 6831C80C1EAC60AF00EAB7C4 /* main.cpp */; };
		6831C8151EAC60D700EAB7C4 /* Lexer.cpp in Sources */ = {isa = PBXBuildFile; fileRef = 6831C8131EAC60D700EAB7C4 /* Lexer.cpp */; };
		68726A1C1ED556F1008AD8B6 /* Parser.cpp in Sources */ = {isa = PBXBuildFile; fileRef = 68726A1A1ED556F1008AD8B6 /* Parser.cpp */; };
/* End PBXBuildFile section */

/* Begin PBXCopyFilesBuildPhase section */
		6831C8071EAC60AF00EAB7C4 /* CopyFiles */ = {
			isa = PBXCopyFilesBuildPhase;
			buildActionMask = 2147483647;
			dstPath = /usr/share/man/man1/;
			dstSubfolderSpec = 0;
			files = (
			);
			runOnlyForDeploymentPostprocessing = 1;
		};
/* End PBXCopyFilesBuildPhase section */

/* Begin PBXFileReference section */
		6831C8091EAC60AF00EAB7C4 /* CompilerForMinus */ = {isa = PBXFileReference; explicitFileType = "compiled.mach-o.executable"; includeInIndex = 0; path = CompilerForMinus; sourceTree = BUILT_PRODUCTS_DIR; };
		6831C80C1EAC60AF00EAB7C4 /* main.cpp */ = {isa = PBXFileReference; lastKnownFileType = sourcecode.cpp.cpp; path = main.cpp; sourceTree = "<group>"; };
		6831C8131EAC60D700EAB7C4 /* Lexer.cpp */ = {isa = PBXFileReference; fileEncoding = 4; lastKnownFileType = sourcecode.cpp.cpp; path = Lexer.cpp; sourceTree = "<group>"; };
		6831C8141EAC60D700EAB7C4 /* Lexer.hpp */ = {isa = PBXFileReference; fileEncoding = 4; lastKnownFileType = sourcecode.cpp.h; path = Lexer.hpp; sourceTree = "<group>"; };
		68726A1A1ED556F1008AD8B6 /* Parser.cpp */ = {isa = PBXFileReference; fileEncoding = 4; lastKnownFileType = sourcecode.cpp.cpp; path = Parser.cpp; sourceTree = "<group>"; };
		68726A1B1ED556F1008AD8B6 /* Parser.hpp */ = {isa = PBXFileReference; fileEncoding = 4; lastKnownFileType = sourcecode.cpp.h; path = Parser.hpp; sourceTree = "<group>"; };
		68726A1D1ED557A2008AD8B6 /* CMinus */ = {isa = PBXFileReference; lastKnownFileType = folder; path = CMinus; sourceTree = "<group>"; };
/* End PBXFileReference section */

/* Begin PBXFrameworksBuildPhase section */
		6831C8061EAC60AF00EAB7C4 /* Frameworks */ = {
			isa = PBXFrameworksBuildPhase;
			buildActionMask = 2147483647;
			files = (
			);
			runOnlyForDeploymentPostprocessing = 0;
		};
/* End PBXFrameworksBuildPhase section */

/* Begin PBXGroup section */
		6831C8001EAC60AF00EAB7C4 = {
			isa = PBXGroup;
			children = (
				6831C80B1EAC60AF00EAB7C4 /* CompilerForMinus */,
				6831C80A1EAC60AF00EAB7C4 /* Products */,
			);
			sourceTree = "<group>";
		};
		6831C80A1EAC60AF00EAB7C4 /* Products */ = {
			isa = PBXGroup;
			children = (
				6831C8091EAC60AF00EAB7C4 /* CompilerForMinus */,
			);
			name = Products;
			sourceTree = "<group>";
		};
		6831C80B1EAC60AF00EAB7C4 /* CompilerForMinus */ = {
			isa = PBXGroup;
			children = (
				68726A1D1ED557A2008AD8B6 /* CMinus */,
				6831C80C1EAC60AF00EAB7C4 /* main.cpp */,
				6831C8131EAC60D700EAB7C4 /* Lexer.cpp */,
				6831C8141EAC60D700EAB7C4 /* Lexer.hpp */,
				68726A1A1ED556F1008AD8B6 /* Parser.cpp */,
				68726A1B1ED556F1008AD8B6 /* Parser.hpp */,
			);
			path = CompilerForMinus;
			sourceTree = "<group>";
		};
/* End PBXGroup section */

/* Begin PBXNativeTarget section */
		6831C8081EAC60AF00EAB7C4 /* CompilerForMinus */ = {
			isa = PBXNativeTarget;
			buildConfigurationList = 6831C8101EAC60AF00EAB7C4 /* Build configuration list for PBXNativeTarget "CompilerForMinus" */;
			buildPhases = (
				6831C8051EAC60AF00EAB7C4 /* Sources */,
				6831C8061EAC60AF00EAB7C4 /* Frameworks */,
				6831C8071EAC60AF00EAB7C4 /* CopyFiles */,
			);
			buildRules = (
			);
			dependencies = (
			);
			name = CompilerForMinus;
			productName = CompilerForMinus;
			productReference = 6831C8091EAC60AF00EAB7C4 /* CompilerForMinus */;
			productType = "com.apple.product-type.tool";
		};
/* End PBXNativeTarget section */

/* Begin PBXProject section */
		6831C8011EAC60AF00EAB7C4 /* Project object */ = {
			isa = PBXProject;
			attributes = {
				LastUpgradeCheck = 0830;
				ORGANIZATIONNAME = "AK Inc.";
				TargetAttributes = {
					6831C8081EAC60AF00EAB7C4 = {
						CreatedOnToolsVersion = 8.3.2;
						DevelopmentTeam = 5843259HH3;
						ProvisioningStyle = Automatic;
					};
				};
			};
			buildConfigurationList = 6831C8041EAC60AF00EAB7C4 /* Build configuration list for PBXProject "CompilerForMinus" */;
			compatibilityVersion = "Xcode 3.2";
			developmentRegion = English;
			hasScannedForEncodings = 0;
			knownRegions = (
				en,
			);
			mainGroup = 6831C8001EAC60AF00EAB7C4;
			productRefGroup = 6831C80A1EAC60AF00EAB7C4 /* Products */;
			projectDirPath = "";
			projectRoot = "";
			targets = (
				6831C8081EAC60AF00EAB7C4 /* CompilerForMinus */,
			);
		};
/* End PBXProject section */

/* Begin PBXSourcesBuildPhase section */
		6831C8051EAC60AF00EAB7C4 /* Sources */ = {
			isa = PBXSourcesBuildPhase;
			buildActionMask = 2147483647;
			files = (
				6831C8151EAC60D700EAB7C4 /* Lexer.cpp in Sources */,
				68726A1C1ED556F1008AD8B6 /* Parser.cpp in Sources */,
				6831C80D1EAC60AF00EAB7C4 /* main.cpp in Sources */,
			);
			runOnlyForDeploymentPostprocessing = 0;
		};
/* End PBXSourcesBuildPhase section */

/* Begin XCBuildConfiguration section */
		6831C80E1EAC60AF00EAB7C4 /* Debug */ = {
			isa = XCBuildConfiguration;
			buildSettings = {
				ALWAYS_SEARCH_USER_PATHS = NO;
				CLANG_ANALYZER_NONNULL = YES;
				CLANG_ANALYZER_NUMBER_OBJECT_CONVERSION = YES_AGGRESSIVE;
				CLANG_CXX_LANGUAGE_STANDARD = "gnu++0x";
				CLANG_CXX_LIBRARY = "libc++";
				CLANG_ENABLE_MODULES = YES;
				CLANG_ENABLE_OBJC_ARC = YES;
				CLANG_WARN_BOOL_CONVERSION = YES;
				CLANG_WARN_CONSTANT_CONVERSION = YES;
				CLANG_WARN_DIRECT_OBJC_ISA_USAGE = YES_ERROR;
				CLANG_WARN_DOCUMENTATION_COMMENTS = YES;
				CLANG_WARN_EMPTY_BODY = YES;
				CLANG_WARN_ENUM_CONVERSION = YES;
				CLANG_WARN_INFINITE_RECURSION = YES;
				CLANG_WARN_INT_CONVERSION = YES;
				CLANG_WARN_OBJC_ROOT_CLASS = YES_ERROR;
				CLANG_WARN_SUSPICIOUS_MOVE = YES;
				CLANG_WARN_UNREACHABLE_CODE = YES;
				CLANG_WARN__DUPLICATE_METHOD_MATCH = YES;
				CODE_SIGN_IDENTITY = "-";
				COPY_PHASE_STRIP = NO;
				DEBUG_INFORMATION_FORMAT = dwarf;
				ENABLE_STRICT_OBJC_MSGSEND = YES;
				ENABLE_TESTABILITY = YES;
				GCC_C_LANGUAGE_STANDARD = gnu99;
				GCC_DYNAMIC_NO_PIC = NO;
				GCC_NO_COMMON_BLOCKS = YES;
				GCC_OPTIMIZATION_LEVEL = 0;
				GCC_PREPROCESSOR_DEFINITIONS = (
					"DEBUG=1",
					"$(inherited)",
				);
				GCC_WARN_64_TO_32_BIT_CONVERSION = YES;
				GCC_WARN_ABOUT_RETURN_TYPE = YES_ERROR;
				GCC_WARN_UNDECLARED_SELECTOR = YES;
				GCC_WARN_UNINITIALIZED_AUTOS = YES_AGGRESSIVE;
				GCC_WARN_UNUSED_FUNCTION = YES;
				GCC_WARN_UNUSED_VARIABLE = YES;
				MACOSX_DEPLOYMENT_TARGET = 10.12;
				MTL_ENABLE_DEBUG_INFO = YES;
				ONLY_ACTIVE_ARCH = YES;
				SDKROOT = macosx;
			};
			name = Debug;
		};
		6831C80F1EAC60AF00EAB7C4 /* Release */ = {
			isa = XCBuildConfiguration;
			buildSettings = {
				ALWAYS_SEARCH_USER_PATHS = NO;
				CLANG_ANALYZER_NONNULL = YES;
				CLANG_ANALYZER_NUMBER_OBJECT_CONVERSION = YES_AGGRESSIVE;
				CLANG_CXX_LANGUAGE_STANDARD = "gnu++0x";
				CLANG_CXX_LIBRARY = "libc++";
				CLANG_ENABLE_MODULES = YES;
				CLANG_ENABLE_OBJC_ARC = YES;
				CLANG_WARN_BOOL_CONVERSION = YES;
				CLANG_WARN_CONSTANT_CONVERSION = YES;
				CLANG_WARN_DIRECT_OBJC_ISA_USAGE = YES_ERROR;
				CLANG_WARN_DOCUMENTATION_COMMENTS = YES;
				CLANG_WARN_EMPTY_BODY = YES;
				CLANG_WARN_ENUM_CONVERSION = YES;
				CLANG_WARN_INFINITE_RECURSION = YES;
				CLANG_WARN_INT_CONVERSION = YES;
				CLANG_WARN_OBJC_ROOT_CLASS = YES_ERROR;
				CLANG_WARN_SUSPICIOUS_MOVE = YES;
				CLANG_WARN_UNREACHABLE_CODE = YES;
				CLANG_WARN__DUPLICATE_METHOD_MATCH = YES;
				CODE_SIGN_IDENTITY = "-";
				COPY_PHASE_STRIP = NO;
				DEBUG_INFORMATION_FORMAT = "dwarf-with-dsym";
				ENABLE_NS_ASSERTIONS = NO;
				ENABLE_STRICT_OBJC_MSGSEND = YES;
				GCC_C_LANGUAGE_STANDARD = gnu99;
				GCC_NO_COMMON_BLOCKS = YES;
				GCC_WARN_64_TO_32_BIT_CONVERSION = YES;
				GCC_WARN_ABOUT_RETURN_TYPE = YES_ERROR;
				GCC_WARN_UNDECLARED_SELECTOR = YES;
				GCC_WARN_UNINITIALIZED_AUTOS = YES_AGGRESSIVE;
				GCC_WARN_UNUSED_FUNCTION = YES;
				GCC_WARN_UNUSED_VARIABLE = YES;
				MACOSX_DEPLOYMENT_TARGET = 10.12;
				MTL_ENABLE_DEBUG_INFO = NO;
				SDKROOT = macosx;
			};
			name = Release;
		};
		6831C8111EAC60AF00EAB7C4 /* Debug */ = {
			isa = XCBuildConfiguration;
			buildSettings = {
				DEVELOPMENT_TEAM = 5843259HH3;
				PRODUCT_NAME = "$(TARGET_NAME)";
			};
			name = Debug;
		};
		6831C8121EAC60AF00EAB7C4 /* Release */ = {
			isa = XCBuildConfiguration;
			buildSettings = {
				DEVELOPMENT_TEAM = 5843259HH3;
				PRODUCT_NAME = "$(TARGET_NAME)";
			};
			name = Release;
		};
/* End XCBuildConfiguration section */

/* Begin XCConfigurationList section */
		6831C8041EAC60AF00EAB7C4 /* Build configuration list for PBXProject "CompilerForMinus" */ = {
			isa = XCConfigurationList;
			buildConfigurations = (
				6831C80E1EAC60AF00EAB7C4 /* Debug */,
				6831C80F1EAC60AF00EAB7C4 /* Release */,
			);
			defaultConfigurationIsVisible = 0;
			defaultConfigurationName = Release;
		};
		6831C8101EAC60AF00EAB7C4 /* Build configuration list for PBXNativeTarget "CompilerForMinus" */ = {
			isa = XCConfigurationList;
			buildConfigurations = (
				6831C8111EAC60AF00EAB7C4 /* Debug */,
				6831C8121EAC60AF00EAB7C4 /* Release */,
			);
			defaultConfigurationIsVisible = 0;
			defaultConfigurationName = Release;
		};
/* End XCConfigurationList section */
	};
	rootObject = 6831C8011EAC60AF00EAB7C4 /* Project object */;
}
